
Microsoft Visual Studio Solution File, Format Version 12.00
# Visual Studio Version 17
VisualStudioVersion = 17.8.34330.188
MinimumVisualStudioVersion = 10.0.40219.1
Project("{FAE04EC0-301F-11D3-BF4B-00C04F79EFBC}") = "Doodle Jump", "Doodle Jump.csproj", "{C8EAA2F8-C072-49D9-84C8-9C3D23A61DCF}"
EndProject
Global
	GlobalSection(SolutionConfigurationPlatforms) = preSolution
		Debug|Any CPU = Debug|Any CPU
		Release|Any CPU = Release|Any CPU
	EndGlobalSection
	GlobalSection(ProjectConfigurationPlatforms) = postSolution
		{C8EAA2F8-C072-49D9-84C8-9C3D23A61DCF}.Debug|Any CPU.ActiveCfg = Debug|Any CPU
		{C8EAA2F8-C072-49D9-84C8-9C3D23A61DCF}.Debug|Any CPU.Build.0 = Debug|Any CPU
		{C8EAA2F8-C072-49D9-84C8-9C3D23A61DCF}.Release|Any CPU.ActiveCfg = Release|Any CPU
		{C8EAA2F8-C072-49D9-84C8-9C3D23A61DCF}.Release|Any CPU.Build.0 = Release|Any CPU
	EndGlobalSection
	GlobalSection(SolutionProperties) = preSolution
		HideSolutionNode = FALSE
	EndGlobalSection
	GlobalSection(ExtensibilityGlobals) = postSolution
		SolutionGuid = {18FA3416-64DC-4899-B3C4-854DE9C9815C}
	EndGlobalSection
EndGlobal
